
Microsoft Visual Studio Solution File, Format Version 12.00
# Visual Studio Version 17
VisualStudioVersion = 17.5.2.0
MinimumVisualStudioVersion = 10.0.40219.1
Project("{FAE04EC0-301F-11D3-BF4B-00C04F79EFBC}") = "HW11", "HW11\HW11.csproj", "{C8973057-2621-4E3D-AE62-F6E6554B67C8}"
EndProject
Project("{FAE04EC0-301F-11D3-BF4B-00C04F79EFBC}") = "BackgroundTask6", "BackgroundTask6\BackgroundTask6.csproj", "{BEBA3690-D30A-4470-8DFE-399A279C3579}"
EndProject
Project("{FAE04EC0-301F-11D3-BF4B-00C04F79EFBC}") = "PR16", "PR16\PR16.csproj", "{A022104B-3FC6-4822-BB86-C624DD0D2BC7}"
EndProject
Project("{FAE04EC0-301F-11D3-BF4B-00C04F79EFBC}") = "PR18", "PR18\PR18.csproj", "{418E2434-A279-442F-8674-F0187443422E}"
EndProject
Project("{FAE04EC0-301F-11D3-BF4B-00C04F79EFBC}") = "PR18_1", "PR18_1\PR18_1.csproj", "{33CECBB6-14C9-420D-9B18-9351D8F99053}"
EndProject
Global
	GlobalSection(SolutionConfigurationPlatforms) = preSolution
		Debug|Any CPU = Debug|Any CPU
		Debug|x64 = Debug|x64
		Debug|x86 = Debug|x86
		Release|Any CPU = Release|Any CPU
		Release|x64 = Release|x64
		Release|x86 = Release|x86
	EndGlobalSection
	GlobalSection(ProjectConfigurationPlatforms) = postSolution
		{C8973057-2621-4E3D-AE62-F6E6554B67C8}.Debug|Any CPU.ActiveCfg = Debug|Any CPU
		{C8973057-2621-4E3D-AE62-F6E6554B67C8}.Debug|Any CPU.Build.0 = Debug|Any CPU
		{C8973057-2621-4E3D-AE62-F6E6554B67C8}.Debug|x64.ActiveCfg = Debug|Any CPU
		{C8973057-2621-4E3D-AE62-F6E6554B67C8}.Debug|x64.Build.0 = Debug|Any CPU
		{C8973057-2621-4E3D-AE62-F6E6554B67C8}.Debug|x86.ActiveCfg = Debug|Any CPU
		{C8973057-2621-4E3D-AE62-F6E6554B67C8}.Debug|x86.Build.0 = Debug|Any CPU
		{C8973057-2621-4E3D-AE62-F6E6554B67C8}.Release|Any CPU.ActiveCfg = Release|Any CPU
		{C8973057-2621-4E3D-AE62-F6E6554B67C8}.Release|Any CPU.Build.0 = Release|Any CPU
		{C8973057-2621-4E3D-AE62-F6E6554B67C8}.Release|x64.ActiveCfg = Release|Any CPU
		{C8973057-2621-4E3D-AE62-F6E6554B67C8}.Release|x64.Build.0 = Release|Any CPU
		{C8973057-2621-4E3D-AE62-F6E6554B67C8}.Release|x86.ActiveCfg = Release|Any CPU
		{C8973057-2621-4E3D-AE62-F6E6554B67C8}.Release|x86.Build.0 = Release|Any CPU
		{BEBA3690-D30A-4470-8DFE-399A279C3579}.Debug|Any CPU.ActiveCfg = Debug|Any CPU
		{BEBA3690-D30A-4470-8DFE-399A279C3579}.Debug|Any CPU.Build.0 = Debug|Any CPU
		{BEBA3690-D30A-4470-8DFE-399A279C3579}.Debug|x64.ActiveCfg = Debug|Any CPU
		{BEBA3690-D30A-4470-8DFE-399A279C3579}.Debug|x64.Build.0 = Debug|Any CPU
		{BEBA3690-D30A-4470-8DFE-399A279C3579}.Debug|x86.ActiveCfg = Debug|Any CPU
		{BEBA3690-D30A-4470-8DFE-399A279C3579}.Debug|x86.Build.0 = Debug|Any CPU
		{BEBA3690-D30A-4470-8DFE-399A279C3579}.Release|Any CPU.ActiveCfg = Release|Any CPU
		{BEBA3690-D30A-4470-8DFE-399A279C3579}.Release|Any CPU.Build.0 = Release|Any CPU
		{BEBA3690-D30A-4470-8DFE-399A279C3579}.Release|x64.ActiveCfg = Release|Any CPU
		{BEBA3690-D30A-4470-8DFE-399A279C3579}.Release|x64.Build.0 = Release|Any CPU
		{BEBA3690-D30A-4470-8DFE-399A279C3579}.Release|x86.ActiveCfg = Release|Any CPU
		{BEBA3690-D30A-4470-8DFE-399A279C3579}.Release|x86.Build.0 = Release|Any CPU
		{A022104B-3FC6-4822-BB86-C624DD0D2BC7}.Debug|Any CPU.ActiveCfg = Debug|Any CPU
		{A022104B-3FC6-4822-BB86-C624DD0D2BC7}.Debug|Any CPU.Build.0 = Debug|Any CPU
		{A022104B-3FC6-4822-BB86-C624DD0D2BC7}.Debug|x64.ActiveCfg = Debug|Any CPU
		{A022104B-3FC6-4822-BB86-C624DD0D2BC7}.Debug|x64.Build.0 = Debug|Any CPU
		{A022104B-3FC6-4822-BB86-C624DD0D2BC7}.Debug|x86.ActiveCfg = Debug|Any CPU
		{A022104B-3FC6-4822-BB86-C624DD0D2BC7}.Debug|x86.Build.0 = Debug|Any CPU
		{A022104B-3FC6-4822-BB86-C624DD0D2BC7}.Release|Any CPU.ActiveCfg = Release|Any CPU
		{A022104B-3FC6-4822-BB86-C624DD0D2BC7}.Release|Any CPU.Build.0 = Release|Any CPU
		{A022104B-3FC6-4822-BB86-C624DD0D2BC7}.Release|x64.ActiveCfg = Release|Any CPU
		{A022104B-3FC6-4822-BB86-C624DD0D2BC7}.Release|x64.Build.0 = Release|Any CPU
		{A022104B-3FC6-4822-BB86-C624DD0D2BC7}.Release|x86.ActiveCfg = Release|Any CPU
		{A022104B-3FC6-4822-BB86-C624DD0D2BC7}.Release|x86.Build.0 = Release|Any CPU
		{418E2434-A279-442F-8674-F0187443422E}.Debug|Any CPU.ActiveCfg = Debug|Any CPU
		{418E2434-A279-442F-8674-F0187443422E}.Debug|Any CPU.Build.0 = Debug|Any CPU
		{418E2434-A279-442F-8674-F0187443422E}.Debug|x64.ActiveCfg = Debug|Any CPU
		{418E2434-A279-442F-8674-F0187443422E}.Debug|x64.Build.0 = Debug|Any CPU
		{418E2434-A279-442F-8674-F0187443422E}.Debug|x86.ActiveCfg = Debug|Any CPU
		{418E2434-A279-442F-8674-F0187443422E}.Debug|x86.Build.0 = Debug|Any CPU
		{418E2434-A279-442F-8674-F0187443422E}.Release|Any CPU.ActiveCfg = Release|Any CPU
		{418E2434-A279-442F-8674-F0187443422E}.Release|Any CPU.Build.0 = Release|Any CPU
		{418E2434-A279-442F-8674-F0187443422E}.Release|x64.ActiveCfg = Release|Any CPU
		{418E2434-A279-442F-8674-F0187443422E}.Release|x64.Build.0 = Release|Any CPU
		{418E2434-A279-442F-8674-F0187443422E}.Release|x86.ActiveCfg = Release|Any CPU
		{418E2434-A279-442F-8674-F0187443422E}.Release|x86.Build.0 = Release|Any CPU
		{33CECBB6-14C9-420D-9B18-9351D8F99053}.Debug|Any CPU.ActiveCfg = Debug|Any CPU
		{33CECBB6-14C9-420D-9B18-9351D8F99053}.Debug|Any CPU.Build.0 = Debug|Any CPU
		{33CECBB6-14C9-420D-9B18-9351D8F99053}.Debug|x64.ActiveCfg = Debug|Any CPU
		{33CECBB6-14C9-420D-9B18-9351D8F99053}.Debug|x64.Build.0 = Debug|Any CPU
		{33CECBB6-14C9-420D-9B18-9351D8F99053}.Debug|x86.ActiveCfg = Debug|Any CPU
		{33CECBB6-14C9-420D-9B18-9351D8F99053}.Debug|x86.Build.0 = Debug|Any CPU
		{33CECBB6-14C9-420D-9B18-9351D8F99053}.Release|Any CPU.ActiveCfg = Release|Any CPU
		{33CECBB6-14C9-420D-9B18-9351D8F99053}.Release|Any CPU.Build.0 = Release|Any CPU
		{33CECBB6-14C9-420D-9B18-9351D8F99053}.Release|x64.ActiveCfg = Release|Any CPU
		{33CECBB6-14C9-420D-9B18-9351D8F99053}.Release|x64.Build.0 = Release|Any CPU
		{33CECBB6-14C9-420D-9B18-9351D8F99053}.Release|x86.ActiveCfg = Release|Any CPU
		{33CECBB6-14C9-420D-9B18-9351D8F99053}.Release|x86.Build.0 = Release|Any CPU
	EndGlobalSection
	GlobalSection(SolutionProperties) = preSolution
		HideSolutionNode = FALSE
	EndGlobalSection
	GlobalSection(ExtensibilityGlobals) = postSolution
		SolutionGuid = {6BBDA2DF-59BF-4785-8BCF-CBBDD894590A}
	EndGlobalSection
EndGlobal
